
Microsoft Visual Studio Solution File, Format Version 12.00
# Visual Studio Version 16
VisualStudioVersion = 16.0.30413.136
MinimumVisualStudioVersion = 10.0.40219.1
Project("{FAE04EC0-301F-11D3-BF4B-00C04F79EFBC}") = "w7demo", "w7demo.csproj", "{985E8F48-C43D-4CAF-A645-6B484B76B3F0}"
EndProject
Global
	GlobalSection(SolutionConfigurationPlatforms) = preSolution
		Debug|Any CPU = Debug|Any CPU
		Release|Any CPU = Release|Any CPU
	EndGlobalSection
	GlobalSection(ProjectConfigurationPlatforms) = postSolution
		{985E8F48-C43D-4CAF-A645-6B484B76B3F0}.Debug|Any CPU.ActiveCfg = Debug|Any CPU
		{985E8F48-C43D-4CAF-A645-6B484B76B3F0}.Debug|Any CPU.Build.0 = Debug|Any CPU
		{985E8F48-C43D-4CAF-A645-6B484B76B3F0}.Release|Any CPU.ActiveCfg = Release|Any CPU
		{985E8F48-C43D-4CAF-A645-6B484B76B3F0}.Release|Any CPU.Build.0 = Release|Any CPU
	EndGlobalSection
	GlobalSection(SolutionProperties) = preSolution
		HideSolutionNode = FALSE
	EndGlobalSection
	GlobalSection(ExtensibilityGlobals) = postSolution
		SolutionGuid = {A860D203-51E8-4ABC-98E6-2962E908722C}
	EndGlobalSection
EndGlobal
