
Microsoft Visual Studio Solution File, Format Version 12.00
# Visual Studio Version 16
VisualStudioVersion = 16.0.30413.136
MinimumVisualStudioVersion = 10.0.40219.1
Project("{FAE04EC0-301F-11D3-BF4B-00C04F79EFBC}") = "week5datepicker", "week5datepicker.csproj", "{88BC2C45-3576-4AD6-9A0D-4F1B8D561980}"
EndProject
Global
	GlobalSection(SolutionConfigurationPlatforms) = preSolution
		Debug|Any CPU = Debug|Any CPU
		Release|Any CPU = Release|Any CPU
	EndGlobalSection
	GlobalSection(ProjectConfigurationPlatforms) = postSolution
		{88BC2C45-3576-4AD6-9A0D-4F1B8D561980}.Debug|Any CPU.ActiveCfg = Debug|Any CPU
		{88BC2C45-3576-4AD6-9A0D-4F1B8D561980}.Debug|Any CPU.Build.0 = Debug|Any CPU
		{88BC2C45-3576-4AD6-9A0D-4F1B8D561980}.Release|Any CPU.ActiveCfg = Release|Any CPU
		{88BC2C45-3576-4AD6-9A0D-4F1B8D561980}.Release|Any CPU.Build.0 = Release|Any CPU
	EndGlobalSection
	GlobalSection(SolutionProperties) = preSolution
		HideSolutionNode = FALSE
	EndGlobalSection
	GlobalSection(ExtensibilityGlobals) = postSolution
		SolutionGuid = {13BDBC33-5BA2-460C-93AF-89C062EA769D}
	EndGlobalSection
EndGlobal
