
Microsoft Visual Studio Solution File, Format Version 12.00
# Visual Studio Version 16
VisualStudioVersion = 16.0.30413.136
MinimumVisualStudioVersion = 10.0.40219.1
Project("{FAE04EC0-301F-11D3-BF4B-00C04F79EFBC}") = "Week5", "Week5.csproj", "{DE4687E3-B173-41D0-B97F-F1F289AEB05C}"
EndProject
Global
	GlobalSection(SolutionConfigurationPlatforms) = preSolution
		Debug|Any CPU = Debug|Any CPU
		Release|Any CPU = Release|Any CPU
	EndGlobalSection
	GlobalSection(ProjectConfigurationPlatforms) = postSolution
		{DE4687E3-B173-41D0-B97F-F1F289AEB05C}.Debug|Any CPU.ActiveCfg = Debug|Any CPU
		{DE4687E3-B173-41D0-B97F-F1F289AEB05C}.Debug|Any CPU.Build.0 = Debug|Any CPU
		{DE4687E3-B173-41D0-B97F-F1F289AEB05C}.Release|Any CPU.ActiveCfg = Release|Any CPU
		{DE4687E3-B173-41D0-B97F-F1F289AEB05C}.Release|Any CPU.Build.0 = Release|Any CPU
	EndGlobalSection
	GlobalSection(SolutionProperties) = preSolution
		HideSolutionNode = FALSE
	EndGlobalSection
	GlobalSection(ExtensibilityGlobals) = postSolution
		SolutionGuid = {6693EC78-637C-49C5-B167-93E2591D194A}
	EndGlobalSection
EndGlobal
